{
  "name": "w3w-arcgis-experience-builder-widget",
  "lockfileVersion": 3,
  "requires": true,
  "packages": {
    "": {
      "dependencies": {
        "esri-loader": "^3.7.0"
      }
    },
    "node_modules/esri-loader": {
      "version": "3.7.0",
      "resolved": "https://registry.npmjs.org/esri-loader/-/esri-loader-3.7.0.tgz",
      "integrity": "sha512-cB1Sw9EQjtW4mtT7eFBjn/6VaaIWNTjmTd2asnnEyuZk1xVSFRMCfLZSBSjZM7ZarDcVu5WIjOP0t0MYVu4hVQ==",
      "deprecated": "Use @arcgis/core instead.",
      "license": "Apache-2.0"
    }
  }
}
